// !$*UTF8*$!
{
	archiveVersion = 1;
	classes = {
	};
	objectVersion = 50;
	objects = {

/* Begin PBXBuildFile section */
		0D46DDAF2204B977008165FC /* ClassesVC.swift in Sources */ = {isa = PBXBuildFile; fileRef = 0D46DDAE2204B977008165FC /* ClassesVC.swift */; };
		0D46DDB722054103008165FC /* MoreClassInfo.swift in Sources */ = {isa = PBXBuildFile; fileRef = 0D46DDB622054103008165FC /* MoreClassInfo.swift */; };
		0D46DDB922054442008165FC /* ClassCell.swift in Sources */ = {isa = PBXBuildFile; fileRef = 0D46DDB822054442008165FC /* ClassCell.swift */; };
		0D5EB4572260BFA400FCA510 /* AnounncmentsTableView.swift in Sources */ = {isa = PBXBuildFile; fileRef = 0D5EB4562260BFA400FCA510 /* AnounncmentsTableView.swift */; };
		0D5EB45A2260C02600FCA510 /* AnounncmentCell.swift in Sources */ = {isa = PBXBuildFile; fileRef = 0D5EB4592260C02600FCA510 /* AnounncmentCell.swift */; };
		0D970C3B221EE59400FC903F /* Color Struct.swift in Sources */ = {isa = PBXBuildFile; fileRef = 0D970C3A221EE59400FC903F /* Color Struct.swift */; };
		0D970C3D221EF20700FC903F /* Schedule.swift in Sources */ = {isa = PBXBuildFile; fileRef = 0D970C3C221EF20700FC903F /* Schedule.swift */; };
		6EBCA20A221DBE6B0041E209 /* MoreTableViewController.swift in Sources */ = {isa = PBXBuildFile; fileRef = 6EBCA209221DBE6B0041E209 /* MoreTableViewController.swift */; };
		6EC5CC00221F352800551E17 /* GradesViewController.swift in Sources */ = {isa = PBXBuildFile; fileRef = 6EC5CBFF221F352800551E17 /* GradesViewController.swift */; };
		6EC5CC02221F355300551E17 /* ScheduleViewController.swift in Sources */ = {isa = PBXBuildFile; fileRef = 6EC5CC01221F355300551E17 /* ScheduleViewController.swift */; };
		6EC5CC04221F357700551E17 /* FindTeachViewController.swift in Sources */ = {isa = PBXBuildFile; fileRef = 6EC5CC03221F357700551E17 /* FindTeachViewController.swift */; };
		6EC5CC06221F358B00551E17 /* EventsViewController.swift in Sources */ = {isa = PBXBuildFile; fileRef = 6EC5CC05221F358B00551E17 /* EventsViewController.swift */; };
		6ED47C3F2225A65A004D18FE /* UpcomingSuperTableViewController.swift in Sources */ = {isa = PBXBuildFile; fileRef = 6ED47C3E2225A65A004D18FE /* UpcomingSuperTableViewController.swift */; };
		6ED47C412225ACD3004D18FE /* UpcomingAssignTableViewCell.swift in Sources */ = {isa = PBXBuildFile; fileRef = 6ED47C402225ACD3004D18FE /* UpcomingAssignTableViewCell.swift */; };
		8FCA62832202116B00A87CAD /* AppDelegate.swift in Sources */ = {isa = PBXBuildFile; fileRef = 8FCA62822202116B00A87CAD /* AppDelegate.swift */; };
		8FCA62852202116B00A87CAD /* ViewController.swift in Sources */ = {isa = PBXBuildFile; fileRef = 8FCA62842202116B00A87CAD /* ViewController.swift */; };
		8FCA62882202116B00A87CAD /* Main.storyboard in Resources */ = {isa = PBXBuildFile; fileRef = 8FCA62862202116B00A87CAD /* Main.storyboard */; };
		8FCA628D2202116B00A87CAD /* LaunchScreen.storyboard in Resources */ = {isa = PBXBuildFile; fileRef = 8FCA628B2202116B00A87CAD /* LaunchScreen.storyboard */; };
		B2052009B4DBFA7E73DF81FE /* Pods_OneSignalNotificationServiceExtension.framework in Frameworks */ = {isa = PBXBuildFile; fileRef = 4C6130BB39DC21D6D1F3B364 /* Pods_OneSignalNotificationServiceExtension.framework */; };
		D509C496227B540F00C03A2F /* NotificationService.swift in Sources */ = {isa = PBXBuildFile; fileRef = D509C495227B540F00C03A2F /* NotificationService.swift */; };
		D509C49A227B540F00C03A2F /* OneSignalNotificationServiceExtension.appex in Embed App Extensions */ = {isa = PBXBuildFile; fileRef = D509C493227B540F00C03A2F /* OneSignalNotificationServiceExtension.appex */; settings = {ATTRIBUTES = (RemoveHeadersOnCopy, ); }; };
		D509C4A0227B54E400C03A2F /* NotificationService.swift in Sources */ = {isa = PBXBuildFile; fileRef = D509C49F227B54E400C03A2F /* NotificationService.swift */; };
		D522B391222F06AB0017A1EF /* LoginViewController.swift in Sources */ = {isa = PBXBuildFile; fileRef = D522B390222F06AB0017A1EF /* LoginViewController.swift */; };
		D53E39DC224BB75000D661E9 /* loginInfo.swift in Sources */ = {isa = PBXBuildFile; fileRef = D53E39DB224BB75000D661E9 /* loginInfo.swift */; };
		D58B97BF220BC0D0009BEA7F /* Assets.xcassets in Resources */ = {isa = PBXBuildFile; fileRef = D58B97BE220BC0D0009BEA7F /* Assets.xcassets */; };
		D5C598AB220A00B200538DEA /* AssignmentsTableViewCell.swift in Sources */ = {isa = PBXBuildFile; fileRef = D5C598A9220A00B100538DEA /* AssignmentsTableViewCell.swift */; };
		D5C598AC220A00B200538DEA /* TodaySuperTableViewController.swift in Sources */ = {isa = PBXBuildFile; fileRef = D5C598AA220A00B100538DEA /* TodaySuperTableViewController.swift */; };
		E40F0A49058A22DCFAB1B3BD /* Pods_mykingapp.framework in Frameworks */ = {isa = PBXBuildFile; fileRef = 0D8D23AD79EF5BC2BA77CF60 /* Pods_mykingapp.framework */; };
/* End PBXBuildFile section */

/* Begin PBXContainerItemProxy section */
		D509C498227B540F00C03A2F /* PBXContainerItemProxy */ = {
			isa = PBXContainerItemProxy;
			containerPortal = 8FCA62772202116B00A87CAD /* Project object */;
			proxyType = 1;
			remoteGlobalIDString = D509C492227B540F00C03A2F;
			remoteInfo = OneSignalNotificationServiceExtension;
		};
/* End PBXContainerItemProxy section */

/* Begin PBXCopyFilesBuildPhase section */
		D509C49E227B540F00C03A2F /* Embed App Extensions */ = {
			isa = PBXCopyFilesBuildPhase;
			buildActionMask = 2147483647;
			dstPath = "";
			dstSubfolderSpec = 13;
			files = (
				D509C49A227B540F00C03A2F /* OneSignalNotificationServiceExtension.appex in Embed App Extensions */,
			);
			name = "Embed App Extensions";
			runOnlyForDeploymentPostprocessing = 0;
		};
/* End PBXCopyFilesBuildPhase section */

/* Begin PBXFileReference section */
		0D46DDAE2204B977008165FC /* ClassesVC.swift */ = {isa = PBXFileReference; lastKnownFileType = sourcecode.swift; path = ClassesVC.swift; sourceTree = "<group>"; };
		0D46DDB622054103008165FC /* MoreClassInfo.swift */ = {isa = PBXFileReference; lastKnownFileType = sourcecode.swift; path = MoreClassInfo.swift; sourceTree = "<group>"; };
		0D46DDB822054442008165FC /* ClassCell.swift */ = {isa = PBXFileReference; lastKnownFileType = sourcecode.swift; path = ClassCell.swift; sourceTree = "<group>"; };
		0D5EB4562260BFA400FCA510 /* AnounncmentsTableView.swift */ = {isa = PBXFileReference; lastKnownFileType = sourcecode.swift; path = AnounncmentsTableView.swift; sourceTree = "<group>"; };
		0D5EB4592260C02600FCA510 /* AnounncmentCell.swift */ = {isa = PBXFileReference; lastKnownFileType = sourcecode.swift; path = AnounncmentCell.swift; sourceTree = "<group>"; };
		0D8D23AD79EF5BC2BA77CF60 /* Pods_mykingapp.framework */ = {isa = PBXFileReference; explicitFileType = wrapper.framework; includeInIndex = 0; path = Pods_mykingapp.framework; sourceTree = BUILT_PRODUCTS_DIR; };
		0D970C3A221EE59400FC903F /* Color Struct.swift */ = {isa = PBXFileReference; lastKnownFileType = sourcecode.swift; path = "Color Struct.swift"; sourceTree = "<group>"; };
		0D970C3C221EF20700FC903F /* Schedule.swift */ = {isa = PBXFileReference; lastKnownFileType = sourcecode.swift; path = Schedule.swift; sourceTree = "<group>"; };
		4C6130BB39DC21D6D1F3B364 /* Pods_OneSignalNotificationServiceExtension.framework */ = {isa = PBXFileReference; explicitFileType = wrapper.framework; includeInIndex = 0; path = Pods_OneSignalNotificationServiceExtension.framework; sourceTree = BUILT_PRODUCTS_DIR; };
		6EBCA209221DBE6B0041E209 /* MoreTableViewController.swift */ = {isa = PBXFileReference; lastKnownFileType = sourcecode.swift; path = MoreTableViewController.swift; sourceTree = "<group>"; };
		6EC5CBFF221F352800551E17 /* GradesViewController.swift */ = {isa = PBXFileReference; lastKnownFileType = sourcecode.swift; path = GradesViewController.swift; sourceTree = "<group>"; };
		6EC5CC01221F355300551E17 /* ScheduleViewController.swift */ = {isa = PBXFileReference; lastKnownFileType = sourcecode.swift; path = ScheduleViewController.swift; sourceTree = "<group>"; };
		6EC5CC03221F357700551E17 /* FindTeachViewController.swift */ = {isa = PBXFileReference; lastKnownFileType = sourcecode.swift; path = FindTeachViewController.swift; sourceTree = "<group>"; };
		6EC5CC05221F358B00551E17 /* EventsViewController.swift */ = {isa = PBXFileReference; lastKnownFileType = sourcecode.swift; path = EventsViewController.swift; sourceTree = "<group>"; };
		6ED47C3E2225A65A004D18FE /* UpcomingSuperTableViewController.swift */ = {isa = PBXFileReference; lastKnownFileType = sourcecode.swift; path = UpcomingSuperTableViewController.swift; sourceTree = "<group>"; };
		6ED47C402225ACD3004D18FE /* UpcomingAssignTableViewCell.swift */ = {isa = PBXFileReference; lastKnownFileType = sourcecode.swift; path = UpcomingAssignTableViewCell.swift; sourceTree = "<group>"; };
		8FCA627F2202116B00A87CAD /* mykingapp.app */ = {isa = PBXFileReference; explicitFileType = wrapper.application; includeInIndex = 0; path = mykingapp.app; sourceTree = BUILT_PRODUCTS_DIR; };
		8FCA62822202116B00A87CAD /* AppDelegate.swift */ = {isa = PBXFileReference; lastKnownFileType = sourcecode.swift; path = AppDelegate.swift; sourceTree = "<group>"; };
		8FCA62842202116B00A87CAD /* ViewController.swift */ = {isa = PBXFileReference; lastKnownFileType = sourcecode.swift; path = ViewController.swift; sourceTree = "<group>"; };
		8FCA62872202116B00A87CAD /* Base */ = {isa = PBXFileReference; lastKnownFileType = file.storyboard; name = Base; path = Base.lproj/Main.storyboard; sourceTree = "<group>"; };
		8FCA628C2202116B00A87CAD /* Base */ = {isa = PBXFileReference; lastKnownFileType = file.storyboard; name = Base; path = Base.lproj/LaunchScreen.storyboard; sourceTree = "<group>"; };
		8FCA628E2202116B00A87CAD /* Info.plist */ = {isa = PBXFileReference; lastKnownFileType = text.plist.xml; path = Info.plist; sourceTree = "<group>"; };
		9D1336C1B7C8D05B8516742E /* Pods-OneSignalNotificationServiceExtension.debug.xcconfig */ = {isa = PBXFileReference; includeInIndex = 1; lastKnownFileType = text.xcconfig; name = "Pods-OneSignalNotificationServiceExtension.debug.xcconfig"; path = "Target Support Files/Pods-OneSignalNotificationServiceExtension/Pods-OneSignalNotificationServiceExtension.debug.xcconfig"; sourceTree = "<group>"; };
		A32EC00D81A8ECD712D95686 /* Pods-mykingapp.release.xcconfig */ = {isa = PBXFileReference; includeInIndex = 1; lastKnownFileType = text.xcconfig; name = "Pods-mykingapp.release.xcconfig"; path = "Target Support Files/Pods-mykingapp/Pods-mykingapp.release.xcconfig"; sourceTree = "<group>"; };
		CCADF6498923871E87889965 /* Pods-OneSignalNotificationServiceExtension.release.xcconfig */ = {isa = PBXFileReference; includeInIndex = 1; lastKnownFileType = text.xcconfig; name = "Pods-OneSignalNotificationServiceExtension.release.xcconfig"; path = "Target Support Files/Pods-OneSignalNotificationServiceExtension/Pods-OneSignalNotificationServiceExtension.release.xcconfig"; sourceTree = "<group>"; };
		D501781B226E1B000032586B /* mykingapp.entitlements */ = {isa = PBXFileReference; lastKnownFileType = text.plist.entitlements; path = mykingapp.entitlements; sourceTree = "<group>"; };
		D509C493227B540F00C03A2F /* OneSignalNotificationServiceExtension.appex */ = {isa = PBXFileReference; explicitFileType = "wrapper.app-extension"; includeInIndex = 0; path = OneSignalNotificationServiceExtension.appex; sourceTree = BUILT_PRODUCTS_DIR; };
		D509C495227B540F00C03A2F /* NotificationService.swift */ = {isa = PBXFileReference; lastKnownFileType = sourcecode.swift; path = NotificationService.swift; sourceTree = "<group>"; };
		D509C497227B540F00C03A2F /* Info.plist */ = {isa = PBXFileReference; lastKnownFileType = text.plist.xml; path = Info.plist; sourceTree = "<group>"; };
		D509C49F227B54E400C03A2F /* NotificationService.swift */ = {isa = PBXFileReference; lastKnownFileType = sourcecode.swift; path = NotificationService.swift; sourceTree = "<group>"; };
		D522B390222F06AB0017A1EF /* LoginViewController.swift */ = {isa = PBXFileReference; lastKnownFileType = sourcecode.swift; path = LoginViewController.swift; sourceTree = "<group>"; };
		D53E39DB224BB75000D661E9 /* loginInfo.swift */ = {isa = PBXFileReference; lastKnownFileType = sourcecode.swift; path = loginInfo.swift; sourceTree = "<group>"; };
		D58B97BE220BC0D0009BEA7F /* Assets.xcassets */ = {isa = PBXFileReference; lastKnownFileType = folder.assetcatalog; path = Assets.xcassets; sourceTree = "<group>"; };
		D5A807F5227B723C00809C8C /* OneSignalNotificationServiceExtension.entitlements */ = {isa = PBXFileReference; lastKnownFileType = text.plist.entitlements; path = OneSignalNotificationServiceExtension.entitlements; sourceTree = "<group>"; };
		D5C598A9220A00B100538DEA /* AssignmentsTableViewCell.swift */ = {isa = PBXFileReference; fileEncoding = 4; lastKnownFileType = sourcecode.swift; path = AssignmentsTableViewCell.swift; sourceTree = "<group>"; };
		D5C598AA220A00B100538DEA /* TodaySuperTableViewController.swift */ = {isa = PBXFileReference; fileEncoding = 4; lastKnownFileType = sourcecode.swift; path = TodaySuperTableViewController.swift; sourceTree = "<group>"; };
		E46C0DAF685A269C86FFE077 /* Pods-mykingapp.debug.xcconfig */ = {isa = PBXFileReference; includeInIndex = 1; lastKnownFileType = text.xcconfig; name = "Pods-mykingapp.debug.xcconfig"; path = "Target Support Files/Pods-mykingapp/Pods-mykingapp.debug.xcconfig"; sourceTree = "<group>"; };
/* End PBXFileReference section */

/* Begin PBXFrameworksBuildPhase section */
		8FCA627C2202116B00A87CAD /* Frameworks */ = {
			isa = PBXFrameworksBuildPhase;
			buildActionMask = 2147483647;
			files = (
				E40F0A49058A22DCFAB1B3BD /* Pods_mykingapp.framework in Frameworks */,
			);
			runOnlyForDeploymentPostprocessing = 0;
		};
		D509C490227B540F00C03A2F /* Frameworks */ = {
			isa = PBXFrameworksBuildPhase;
			buildActionMask = 2147483647;
			files = (
				B2052009B4DBFA7E73DF81FE /* Pods_OneSignalNotificationServiceExtension.framework in Frameworks */,
			);
			runOnlyForDeploymentPostprocessing = 0;
		};
/* End PBXFrameworksBuildPhase section */

/* Begin PBXGroup section */
		0D46DDAD2204B92C008165FC /* Classes */ = {
			isa = PBXGroup;
			children = (
				0D46DDB622054103008165FC /* MoreClassInfo.swift */,
				0D46DDAE2204B977008165FC /* ClassesVC.swift */,
				0D46DDB822054442008165FC /* ClassCell.swift */,
			);
			path = Classes;
			sourceTree = "<group>";
		};
		0D5EB4582260BFB600FCA510 /* anounncments */ = {
			isa = PBXGroup;
			children = (
				0D5EB4592260C02600FCA510 /* AnounncmentCell.swift */,
				0D5EB4562260BFA400FCA510 /* AnounncmentsTableView.swift */,
			);
			path = anounncments;
			sourceTree = "<group>";
		};
		4D3A0ACF0FE230B7720578AC /* Pods */ = {
			isa = PBXGroup;
			children = (
				9D1336C1B7C8D05B8516742E /* Pods-OneSignalNotificationServiceExtension.debug.xcconfig */,
				CCADF6498923871E87889965 /* Pods-OneSignalNotificationServiceExtension.release.xcconfig */,
				E46C0DAF685A269C86FFE077 /* Pods-mykingapp.debug.xcconfig */,
				A32EC00D81A8ECD712D95686 /* Pods-mykingapp.release.xcconfig */,
			);
			path = Pods;
			sourceTree = "<group>";
		};
		60623C9847B3AE173A9A522D /* Frameworks */ = {
			isa = PBXGroup;
			children = (
				4C6130BB39DC21D6D1F3B364 /* Pods_OneSignalNotificationServiceExtension.framework */,
				0D8D23AD79EF5BC2BA77CF60 /* Pods_mykingapp.framework */,
			);
			name = Frameworks;
			sourceTree = "<group>";
		};
		6E684C14222426F5002B7278 /* Upcoming Page */ = {
			isa = PBXGroup;
			children = (
				6ED47C3E2225A65A004D18FE /* UpcomingSuperTableViewController.swift */,
				6ED47C402225ACD3004D18FE /* UpcomingAssignTableViewCell.swift */,
			);
			path = "Upcoming Page";
			sourceTree = "<group>";
		};
		6EBCA20B221DC0D40041E209 /* More Page */ = {
			isa = PBXGroup;
			children = (
				6EBCA209221DBE6B0041E209 /* MoreTableViewController.swift */,
				6EC5CBFE221F34F300551E17 /* More sub-pages */,
			);
			path = "More Page";
			sourceTree = "<group>";
		};
		6EC5CBFE221F34F300551E17 /* More sub-pages */ = {
			isa = PBXGroup;
			children = (
				0D5EB4582260BFB600FCA510 /* anounncments */,
				6EC5CBFF221F352800551E17 /* GradesViewController.swift */,
				6EC5CC01221F355300551E17 /* ScheduleViewController.swift */,
				6EC5CC03221F357700551E17 /* FindTeachViewController.swift */,
				6EC5CC05221F358B00551E17 /* EventsViewController.swift */,
			);
			path = "More sub-pages";
			sourceTree = "<group>";
		};
		8FCA62762202116B00A87CAD = {
			isa = PBXGroup;
			children = (
				8FCA62812202116B00A87CAD /* mykingapp */,
				D509C494227B540F00C03A2F /* OneSignalNotificationServiceExtension */,
				8FCA62802202116B00A87CAD /* Products */,
				4D3A0ACF0FE230B7720578AC /* Pods */,
				60623C9847B3AE173A9A522D /* Frameworks */,
			);
			sourceTree = "<group>";
		};
		8FCA62802202116B00A87CAD /* Products */ = {
			isa = PBXGroup;
			children = (
				8FCA627F2202116B00A87CAD /* mykingapp.app */,
				D509C493227B540F00C03A2F /* OneSignalNotificationServiceExtension.appex */,
			);
			name = Products;
			sourceTree = "<group>";
		};
		8FCA62812202116B00A87CAD /* mykingapp */ = {
			isa = PBXGroup;
			children = (
				D501781B226E1B000032586B /* mykingapp.entitlements */,
				D509C49F227B54E400C03A2F /* NotificationService.swift */,
				0D970C3C221EF20700FC903F /* Schedule.swift */,
				0D970C3A221EE59400FC903F /* Color Struct.swift */,
				8FCA62862202116B00A87CAD /* Main.storyboard */,
				D522B390222F06AB0017A1EF /* LoginViewController.swift */,
				D53E39DB224BB75000D661E9 /* loginInfo.swift */,
				6E684C14222426F5002B7278 /* Upcoming Page */,
				6EBCA20B221DC0D40041E209 /* More Page */,
				D5C598A8220A00B100538DEA /* Today Page */,
				0D46DDAD2204B92C008165FC /* Classes */,
				8FCA62822202116B00A87CAD /* AppDelegate.swift */,
				8FCA62842202116B00A87CAD /* ViewController.swift */,
				D58B97BE220BC0D0009BEA7F /* Assets.xcassets */,
				8FCA628B2202116B00A87CAD /* LaunchScreen.storyboard */,
				8FCA628E2202116B00A87CAD /* Info.plist */,
			);
			path = mykingapp;
			sourceTree = "<group>";
		};
		D509C494227B540F00C03A2F /* OneSignalNotificationServiceExtension */ = {
			isa = PBXGroup;
			children = (
				D5A807F5227B723C00809C8C /* OneSignalNotificationServiceExtension.entitlements */,
				D509C495227B540F00C03A2F /* NotificationService.swift */,
				D509C497227B540F00C03A2F /* Info.plist */,
			);
			path = OneSignalNotificationServiceExtension;
			sourceTree = "<group>";
		};
		D5C598A8220A00B100538DEA /* Today Page */ = {
			isa = PBXGroup;
			children = (
				D5C598AA220A00B100538DEA /* TodaySuperTableViewController.swift */,
				D5C598A9220A00B100538DEA /* AssignmentsTableViewCell.swift */,
			);
			path = "Today Page";
			sourceTree = "<group>";
		};
/* End PBXGroup section */

/* Begin PBXNativeTarget section */
		8FCA627E2202116B00A87CAD /* mykingapp */ = {
			isa = PBXNativeTarget;
			buildConfigurationList = 8FCA62912202116B00A87CAD /* Build configuration list for PBXNativeTarget "mykingapp" */;
			buildPhases = (
				8106FEAA4FA7CF65D6E04A8C /* [CP] Check Pods Manifest.lock */,
				8FCA627B2202116B00A87CAD /* Sources */,
				8FCA627C2202116B00A87CAD /* Frameworks */,
				8FCA627D2202116B00A87CAD /* Resources */,
				D509C49E227B540F00C03A2F /* Embed App Extensions */,
			);
			buildRules = (
			);
			dependencies = (
				D509C499227B540F00C03A2F /* PBXTargetDependency */,
			);
			name = mykingapp;
			productName = mykingapp;
			productReference = 8FCA627F2202116B00A87CAD /* mykingapp.app */;
			productType = "com.apple.product-type.application";
		};
		D509C492227B540F00C03A2F /* OneSignalNotificationServiceExtension */ = {
			isa = PBXNativeTarget;
			buildConfigurationList = D509C49D227B540F00C03A2F /* Build configuration list for PBXNativeTarget "OneSignalNotificationServiceExtension" */;
			buildPhases = (
				4F13747A114A12B24FC5FE21 /* [CP] Check Pods Manifest.lock */,
				D509C48F227B540F00C03A2F /* Sources */,
				D509C490227B540F00C03A2F /* Frameworks */,
				D509C491227B540F00C03A2F /* Resources */,
			);
			buildRules = (
			);
			dependencies = (
			);
			name = OneSignalNotificationServiceExtension;
			productName = OneSignalNotificationServiceExtension;
			productReference = D509C493227B540F00C03A2F /* OneSignalNotificationServiceExtension.appex */;
			productType = "com.apple.product-type.app-extension";
		};
/* End PBXNativeTarget section */

/* Begin PBXProject section */
		8FCA62772202116B00A87CAD /* Project object */ = {
			isa = PBXProject;
			attributes = {
				LastSwiftUpdateCheck = 1010;
				LastUpgradeCheck = 1000;
				ORGANIZATIONNAME = "Ryan Heaton";
				TargetAttributes = {
					8FCA627E2202116B00A87CAD = {
						CreatedOnToolsVersion = 10.0;
						SystemCapabilities = {
							com.apple.BackgroundModes = {
								enabled = 1;
							};
							com.apple.Push = {
								enabled = 1;
							};
						};
					};
					D509C492227B540F00C03A2F = {
						CreatedOnToolsVersion = 10.1;
						SystemCapabilities = {
							com.apple.Push = {
								enabled = 1;
							};
						};
					};
				};
			};
			buildConfigurationList = 8FCA627A2202116B00A87CAD /* Build configuration list for PBXProject "mykingapp" */;
			compatibilityVersion = "Xcode 9.3";
			developmentRegion = en;
			hasScannedForEncodings = 0;
			knownRegions = (
				en,
				Base,
			);
			mainGroup = 8FCA62762202116B00A87CAD;
			productRefGroup = 8FCA62802202116B00A87CAD /* Products */;
			projectDirPath = "";
			projectRoot = "";
			targets = (
				8FCA627E2202116B00A87CAD /* mykingapp */,
				D509C492227B540F00C03A2F /* OneSignalNotificationServiceExtension */,
			);
		};
/* End PBXProject section */

/* Begin PBXResourcesBuildPhase section */
		8FCA627D2202116B00A87CAD /* Resources */ = {
			isa = PBXResourcesBuildPhase;
			buildActionMask = 2147483647;
			files = (
				8FCA628D2202116B00A87CAD /* LaunchScreen.storyboard in Resources */,
				8FCA62882202116B00A87CAD /* Main.storyboard in Resources */,
				D58B97BF220BC0D0009BEA7F /* Assets.xcassets in Resources */,
			);
			runOnlyForDeploymentPostprocessing = 0;
		};
		D509C491227B540F00C03A2F /* Resources */ = {
			isa = PBXResourcesBuildPhase;
			buildActionMask = 2147483647;
			files = (
			);
			runOnlyForDeploymentPostprocessing = 0;
		};
/* End PBXResourcesBuildPhase section */

/* Begin PBXShellScriptBuildPhase section */
		4F13747A114A12B24FC5FE21 /* [CP] Check Pods Manifest.lock */ = {
			isa = PBXShellScriptBuildPhase;
			buildActionMask = 2147483647;
			files = (
			);
			inputFileListPaths = (
			);
			inputPaths = (
				"${PODS_PODFILE_DIR_PATH}/Podfile.lock",
				"${PODS_ROOT}/Manifest.lock",
			);
			name = "[CP] Check Pods Manifest.lock";
			outputFileListPaths = (
			);
			outputPaths = (
				"$(DERIVED_FILE_DIR)/Pods-OneSignalNotificationServiceExtension-checkManifestLockResult.txt",
			);
			runOnlyForDeploymentPostprocessing = 0;
			shellPath = /bin/sh;
			shellScript = "diff \"${PODS_PODFILE_DIR_PATH}/Podfile.lock\" \"${PODS_ROOT}/Manifest.lock\" > /dev/null\nif [ $? != 0 ] ; then\n    # print error to STDERR\n    echo \"error: The sandbox is not in sync with the Podfile.lock. Run 'pod install' or update your CocoaPods installation.\" >&2\n    exit 1\nfi\n# This output is used by Xcode 'outputs' to avoid re-running this script phase.\necho \"SUCCESS\" > \"${SCRIPT_OUTPUT_FILE_0}\"\n";
			showEnvVarsInLog = 0;
		};
		8106FEAA4FA7CF65D6E04A8C /* [CP] Check Pods Manifest.lock */ = {
			isa = PBXShellScriptBuildPhase;
			buildActionMask = 2147483647;
			files = (
			);
			inputFileListPaths = (
			);
			inputPaths = (
				"${PODS_PODFILE_DIR_PATH}/Podfile.lock",
				"${PODS_ROOT}/Manifest.lock",
			);
			name = "[CP] Check Pods Manifest.lock";
			outputFileListPaths = (
			);
			outputPaths = (
				"$(DERIVED_FILE_DIR)/Pods-mykingapp-checkManifestLockResult.txt",
			);
			runOnlyForDeploymentPostprocessing = 0;
			shellPath = /bin/sh;
			shellScript = "diff \"${PODS_PODFILE_DIR_PATH}/Podfile.lock\" \"${PODS_ROOT}/Manifest.lock\" > /dev/null\nif [ $? != 0 ] ; then\n    # print error to STDERR\n    echo \"error: The sandbox is not in sync with the Podfile.lock. Run 'pod install' or update your CocoaPods installation.\" >&2\n    exit 1\nfi\n# This output is used by Xcode 'outputs' to avoid re-running this script phase.\necho \"SUCCESS\" > \"${SCRIPT_OUTPUT_FILE_0}\"\n";
			showEnvVarsInLog = 0;
		};
/* End PBXShellScriptBuildPhase section */

/* Begin PBXSourcesBuildPhase section */
		8FCA627B2202116B00A87CAD /* Sources */ = {
			isa = PBXSourcesBuildPhase;
			buildActionMask = 2147483647;
			files = (
				6EBCA20A221DBE6B0041E209 /* MoreTableViewController.swift in Sources */,
				8FCA62852202116B00A87CAD /* ViewController.swift in Sources */,
				D53E39DC224BB75000D661E9 /* loginInfo.swift in Sources */,
				0D970C3B221EE59400FC903F /* Color Struct.swift in Sources */,
				0D46DDB722054103008165FC /* MoreClassInfo.swift in Sources */,
				6EC5CC00221F352800551E17 /* GradesViewController.swift in Sources */,
				0D5EB4572260BFA400FCA510 /* AnounncmentsTableView.swift in Sources */,
				0D970C3D221EF20700FC903F /* Schedule.swift in Sources */,
				0D46DDAF2204B977008165FC /* ClassesVC.swift in Sources */,
				8FCA62832202116B00A87CAD /* AppDelegate.swift in Sources */,
				D522B391222F06AB0017A1EF /* LoginViewController.swift in Sources */,
				6ED47C412225ACD3004D18FE /* UpcomingAssignTableViewCell.swift in Sources */,
				6EC5CC06221F358B00551E17 /* EventsViewController.swift in Sources */,
				0D5EB45A2260C02600FCA510 /* AnounncmentCell.swift in Sources */,
				D5C598AB220A00B200538DEA /* AssignmentsTableViewCell.swift in Sources */,
				D5C598AC220A00B200538DEA /* TodaySuperTableViewController.swift in Sources */,
				D509C4A0227B54E400C03A2F /* NotificationService.swift in Sources */,
				6EC5CC04221F357700551E17 /* FindTeachViewController.swift in Sources */,
				6ED47C3F2225A65A004D18FE /* UpcomingSuperTableViewController.swift in Sources */,
				6EC5CC02221F355300551E17 /* ScheduleViewController.swift in Sources */,
				0D46DDB922054442008165FC /* ClassCell.swift in Sources */,
			);
			runOnlyForDeploymentPostprocessing = 0;
		};
		D509C48F227B540F00C03A2F /* Sources */ = {
			isa = PBXSourcesBuildPhase;
			buildActionMask = 2147483647;
			files = (
				D509C496227B540F00C03A2F /* NotificationService.swift in Sources */,
			);
			runOnlyForDeploymentPostprocessing = 0;
		};
/* End PBXSourcesBuildPhase section */

/* Begin PBXTargetDependency section */
		D509C499227B540F00C03A2F /* PBXTargetDependency */ = {
			isa = PBXTargetDependency;
			target = D509C492227B540F00C03A2F /* OneSignalNotificationServiceExtension */;
			targetProxy = D509C498227B540F00C03A2F /* PBXContainerItemProxy */;
		};
/* End PBXTargetDependency section */

/* Begin PBXVariantGroup section */
		8FCA62862202116B00A87CAD /* Main.storyboard */ = {
			isa = PBXVariantGroup;
			children = (
				8FCA62872202116B00A87CAD /* Base */,
			);
			name = Main.storyboard;
			sourceTree = "<group>";
		};
		8FCA628B2202116B00A87CAD /* LaunchScreen.storyboard */ = {
			isa = PBXVariantGroup;
			children = (
				8FCA628C2202116B00A87CAD /* Base */,
			);
			name = LaunchScreen.storyboard;
			sourceTree = "<group>";
		};
/* End PBXVariantGroup section */

/* Begin XCBuildConfiguration section */
		8FCA628F2202116B00A87CAD /* Debug */ = {
			isa = XCBuildConfiguration;
			buildSettings = {
				ALWAYS_SEARCH_USER_PATHS = NO;
				CLANG_ANALYZER_NONNULL = YES;
				CLANG_ANALYZER_NUMBER_OBJECT_CONVERSION = YES_AGGRESSIVE;
				CLANG_CXX_LANGUAGE_STANDARD = "gnu++14";
				CLANG_CXX_LIBRARY = "libc++";
				CLANG_ENABLE_MODULES = YES;
				CLANG_ENABLE_OBJC_ARC = YES;
				CLANG_ENABLE_OBJC_WEAK = YES;
				CLANG_WARN_BLOCK_CAPTURE_AUTORELEASING = YES;
				CLANG_WARN_BOOL_CONVERSION = YES;
				CLANG_WARN_COMMA = YES;
				CLANG_WARN_CONSTANT_CONVERSION = YES;
				CLANG_WARN_DEPRECATED_OBJC_IMPLEMENTATIONS = YES;
				CLANG_WARN_DIRECT_OBJC_ISA_USAGE = YES_ERROR;
				CLANG_WARN_DOCUMENTATION_COMMENTS = YES;
				CLANG_WARN_EMPTY_BODY = YES;
				CLANG_WARN_ENUM_CONVERSION = YES;
				CLANG_WARN_INFINITE_RECURSION = YES;
				CLANG_WARN_INT_CONVERSION = YES;
				CLANG_WARN_NON_LITERAL_NULL_CONVERSION = YES;
				CLANG_WARN_OBJC_IMPLICIT_RETAIN_SELF = YES;
				CLANG_WARN_OBJC_LITERAL_CONVERSION = YES;
				CLANG_WARN_OBJC_ROOT_CLASS = YES_ERROR;
				CLANG_WARN_RANGE_LOOP_ANALYSIS = YES;
				CLANG_WARN_STRICT_PROTOTYPES = YES;
				CLANG_WARN_SUSPICIOUS_MOVE = YES;
				CLANG_WARN_UNGUARDED_AVAILABILITY = YES_AGGRESSIVE;
				CLANG_WARN_UNREACHABLE_CODE = YES;
				CLANG_WARN__DUPLICATE_METHOD_MATCH = YES;
				CODE_SIGN_IDENTITY = "iPhone Developer";
				COPY_PHASE_STRIP = NO;
				DEBUG_INFORMATION_FORMAT = dwarf;
				ENABLE_STRICT_OBJC_MSGSEND = YES;
				ENABLE_TESTABILITY = YES;
				GCC_C_LANGUAGE_STANDARD = gnu11;
				GCC_DYNAMIC_NO_PIC = NO;
				GCC_NO_COMMON_BLOCKS = YES;
				GCC_OPTIMIZATION_LEVEL = 0;
				GCC_PREPROCESSOR_DEFINITIONS = (
					"DEBUG=1",
					"$(inherited)",
				);
				GCC_WARN_64_TO_32_BIT_CONVERSION = YES;
				GCC_WARN_ABOUT_RETURN_TYPE = YES_ERROR;
				GCC_WARN_UNDECLARED_SELECTOR = YES;
				GCC_WARN_UNINITIALIZED_AUTOS = YES_AGGRESSIVE;
				GCC_WARN_UNUSED_FUNCTION = YES;
				GCC_WARN_UNUSED_VARIABLE = YES;
				IPHONEOS_DEPLOYMENT_TARGET = 12.0;
				MTL_ENABLE_DEBUG_INFO = INCLUDE_SOURCE;
				MTL_FAST_MATH = YES;
				ONLY_ACTIVE_ARCH = YES;
				SDKROOT = iphoneos;
				SWIFT_ACTIVE_COMPILATION_CONDITIONS = DEBUG;
				SWIFT_OPTIMIZATION_LEVEL = "-Onone";
			};
			name = Debug;
		};
		8FCA62902202116B00A87CAD /* Release */ = {
			isa = XCBuildConfiguration;
			buildSettings = {
				ALWAYS_SEARCH_USER_PATHS = NO;
				CLANG_ANALYZER_NONNULL = YES;
				CLANG_ANALYZER_NUMBER_OBJECT_CONVERSION = YES_AGGRESSIVE;
				CLANG_CXX_LANGUAGE_STANDARD = "gnu++14";
				CLANG_CXX_LIBRARY = "libc++";
				CLANG_ENABLE_MODULES = YES;
				CLANG_ENABLE_OBJC_ARC = YES;
				CLANG_ENABLE_OBJC_WEAK = YES;
				CLANG_WARN_BLOCK_CAPTURE_AUTORELEASING = YES;
				CLANG_WARN_BOOL_CONVERSION = YES;
				CLANG_WARN_COMMA = YES;
				CLANG_WARN_CONSTANT_CONVERSION = YES;
				CLANG_WARN_DEPRECATED_OBJC_IMPLEMENTATIONS = YES;
				CLANG_WARN_DIRECT_OBJC_ISA_USAGE = YES_ERROR;
				CLANG_WARN_DOCUMENTATION_COMMENTS = YES;
				CLANG_WARN_EMPTY_BODY = YES;
				CLANG_WARN_ENUM_CONVERSION = YES;
				CLANG_WARN_INFINITE_RECURSION = YES;
				CLANG_WARN_INT_CONVERSION = YES;
				CLANG_WARN_NON_LITERAL_NULL_CONVERSION = YES;
				CLANG_WARN_OBJC_IMPLICIT_RETAIN_SELF = YES;
				CLANG_WARN_OBJC_LITERAL_CONVERSION = YES;
				CLANG_WARN_OBJC_ROOT_CLASS = YES_ERROR;
				CLANG_WARN_RANGE_LOOP_ANALYSIS = YES;
				CLANG_WARN_STRICT_PROTOTYPES = YES;
				CLANG_WARN_SUSPICIOUS_MOVE = YES;
				CLANG_WARN_UNGUARDED_AVAILABILITY = YES_AGGRESSIVE;
				CLANG_WARN_UNREACHABLE_CODE = YES;
				CLANG_WARN__DUPLICATE_METHOD_MATCH = YES;
				CODE_SIGN_IDENTITY = "iPhone Developer";
				COPY_PHASE_STRIP = NO;
				DEBUG_INFORMATION_FORMAT = "dwarf-with-dsym";
				ENABLE_NS_ASSERTIONS = NO;
				ENABLE_STRICT_OBJC_MSGSEND = YES;
				GCC_C_LANGUAGE_STANDARD = gnu11;
				GCC_NO_COMMON_BLOCKS = YES;
				GCC_WARN_64_TO_32_BIT_CONVERSION = YES;
				GCC_WARN_ABOUT_RETURN_TYPE = YES_ERROR;
				GCC_WARN_UNDECLARED_SELECTOR = YES;
				GCC_WARN_UNINITIALIZED_AUTOS = YES_AGGRESSIVE;
				GCC_WARN_UNUSED_FUNCTION = YES;
				GCC_WARN_UNUSED_VARIABLE = YES;
				IPHONEOS_DEPLOYMENT_TARGET = 12.0;
				MTL_ENABLE_DEBUG_INFO = NO;
				MTL_FAST_MATH = YES;
				SDKROOT = iphoneos;
				SWIFT_COMPILATION_MODE = wholemodule;
				SWIFT_OPTIMIZATION_LEVEL = "-O";
				VALIDATE_PRODUCT = YES;
			};
			name = Release;
		};
		8FCA62922202116B00A87CAD /* Debug */ = {
			isa = XCBuildConfiguration;
			baseConfigurationReference = E46C0DAF685A269C86FFE077 /* Pods-mykingapp.debug.xcconfig */;
			buildSettings = {
				ALWAYS_EMBED_SWIFT_STANDARD_LIBRARIES = YES;
				ASSETCATALOG_COMPILER_APPICON_NAME = AppIcon;
				CODE_SIGN_ENTITLEMENTS = mykingapp/mykingapp.entitlements;
				CODE_SIGN_STYLE = Automatic;
				DEVELOPMENT_TEAM = 67GR5A6UV9;
				INFOPLIST_FILE = mykingapp/Info.plist;
				LD_RUNPATH_SEARCH_PATHS = (
					"$(inherited)",
					"@executable_path/Frameworks",
				);
				PRODUCT_BUNDLE_IDENTIFIER = com.Ryan.mykingapp;
				PRODUCT_NAME = "$(TARGET_NAME)";
				SWIFT_VERSION = 4.2;
				TARGETED_DEVICE_FAMILY = "1,2";
			};
			name = Debug;
		};
		8FCA62932202116B00A87CAD /* Release */ = {
			isa = XCBuildConfiguration;
			baseConfigurationReference = A32EC00D81A8ECD712D95686 /* Pods-mykingapp.release.xcconfig */;
			buildSettings = {
				ALWAYS_EMBED_SWIFT_STANDARD_LIBRARIES = YES;
				ASSETCATALOG_COMPILER_APPICON_NAME = AppIcon;
				CODE_SIGN_ENTITLEMENTS = mykingapp/mykingapp.entitlements;
				CODE_SIGN_STYLE = Automatic;
				DEVELOPMENT_TEAM = 67GR5A6UV9;
				INFOPLIST_FILE = mykingapp/Info.plist;
				LD_RUNPATH_SEARCH_PATHS = (
					"$(inherited)",
					"@executable_path/Frameworks",
				);
				PRODUCT_BUNDLE_IDENTIFIER = com.Ryan.mykingapp;
				PRODUCT_NAME = "$(TARGET_NAME)";
				SWIFT_VERSION = 4.2;
				TARGETED_DEVICE_FAMILY = "1,2";
			};
			name = Release;
		};
		D509C49B227B540F00C03A2F /* Debug */ = {
			isa = XCBuildConfiguration;
			baseConfigurationReference = 9D1336C1B7C8D05B8516742E /* Pods-OneSignalNotificationServiceExtension.debug.xcconfig */;
			buildSettings = {
				CODE_SIGN_ENTITLEMENTS = OneSignalNotificationServiceExtension/OneSignalNotificationServiceExtension.entitlements;
				CODE_SIGN_STYLE = Automatic;
				DEVELOPMENT_TEAM = 67GR5A6UV9;
				INFOPLIST_FILE = OneSignalNotificationServiceExtension/Info.plist;
				IPHONEOS_DEPLOYMENT_TARGET = 12.1;
				LD_RUNPATH_SEARCH_PATHS = (
					"$(inherited)",
					"@executable_path/Frameworks",
					"@executable_path/../../Frameworks",
				);
				PRODUCT_BUNDLE_IDENTIFIER = com.Ryan.mykingapp.OneSignalNotificationServiceExtension;
				PRODUCT_NAME = "$(TARGET_NAME)";
				SKIP_INSTALL = YES;
				SWIFT_VERSION = 4.2;
				TARGETED_DEVICE_FAMILY = "1,2";
			};
			name = Debug;
		};
		D509C49C227B540F00C03A2F /* Release */ = {
			isa = XCBuildConfiguration;
			baseConfigurationReference = CCADF6498923871E87889965 /* Pods-OneSignalNotificationServiceExtension.release.xcconfig */;
			buildSettings = {
				CODE_SIGN_ENTITLEMENTS = OneSignalNotificationServiceExtension/OneSignalNotificationServiceExtension.entitlements;
				CODE_SIGN_STYLE = Automatic;
				DEVELOPMENT_TEAM = 67GR5A6UV9;
				INFOPLIST_FILE = OneSignalNotificationServiceExtension/Info.plist;
				IPHONEOS_DEPLOYMENT_TARGET = 12.1;
				LD_RUNPATH_SEARCH_PATHS = (
					"$(inherited)",
					"@executable_path/Frameworks",
					"@executable_path/../../Frameworks",
				);
				PRODUCT_BUNDLE_IDENTIFIER = com.Ryan.mykingapp.OneSignalNotificationServiceExtension;
				PRODUCT_NAME = "$(TARGET_NAME)";
				SKIP_INSTALL = YES;
				SWIFT_VERSION = 4.2;
				TARGETED_DEVICE_FAMILY = "1,2";
			};
			name = Release;
		};
/* End XCBuildConfiguration section */

/* Begin XCConfigurationList section */
		8FCA627A2202116B00A87CAD /* Build configuration list for PBXProject "mykingapp" */ = {
			isa = XCConfigurationList;
			buildConfigurations = (
				8FCA628F2202116B00A87CAD /* Debug */,
				8FCA62902202116B00A87CAD /* Release */,
			);
			defaultConfigurationIsVisible = 0;
			defaultConfigurationName = Release;
		};
		8FCA62912202116B00A87CAD /* Build configuration list for PBXNativeTarget "mykingapp" */ = {
			isa = XCConfigurationList;
			buildConfigurations = (
				8FCA62922202116B00A87CAD /* Debug */,
				8FCA62932202116B00A87CAD /* Release */,
			);
			defaultConfigurationIsVisible = 0;
			defaultConfigurationName = Release;
		};
		D509C49D227B540F00C03A2F /* Build configuration list for PBXNativeTarget "OneSignalNotificationServiceExtension" */ = {
			isa = XCConfigurationList;
			buildConfigurations = (
				D509C49B227B540F00C03A2F /* Debug */,
				D509C49C227B540F00C03A2F /* Release */,
			);
			defaultConfigurationIsVisible = 0;
			defaultConfigurationName = Release;
		};
/* End XCConfigurationList section */
	};
	rootObject = 8FCA62772202116B00A87CAD /* Project object */;
}
